
Microsoft Visual Studio Solution File, Format Version 12.00
# Visual Studio 14
VisualStudioVersion = 14.0.25420.1
MinimumVisualStudioVersion = 10.0.40219.1
Project("{FAE04EC0-301F-11D3-BF4B-00C04F79EFBC}") = "Solucion_IDGI", "Solucion_IDGI\Solucion_IDGI.csproj", "{8F52734C-74F4-4DEB-920E-51CF23E93744}"
EndProject
Project("{FAE04EC0-301F-11D3-BF4B-00C04F79EFBC}") = "IDGI.DataObjects", "IDGI.DataObjects\IDGI.DataObjects.csproj", "{84A3E8AB-5A78-4B39-AF59-1449EE56545E}"
EndProject
Project("{2150E333-8FDC-42A3-9474-1A3956D46DE8}") = "1. Presentation", "1. Presentation", "{01F9BE7E-6C77-4ECA-AAFA-EC5C0FB451E6}"
EndProject
Project("{2150E333-8FDC-42A3-9474-1A3956D46DE8}") = "3. Datos", "3. Datos", "{F816D703-E971-4CD9-8650-43712F0580ED}"
EndProject
Project("{2150E333-8FDC-42A3-9474-1A3956D46DE8}") = "2. Bussines", "2. Bussines", "{324115E8-34D3-4A0B-848D-E22F854005F7}"
EndProject
Project("{FAE04EC0-301F-11D3-BF4B-00C04F79EFBC}") = "IDGI.Entities", "IDGI.Entities\IDGI.Entities.csproj", "{5C9955FB-7702-486D-B7B4-98B21B7B8A73}"
EndProject
Project("{FAE04EC0-301F-11D3-BF4B-00C04F79EFBC}") = "IDGI.Model", "IDGI.Model\IDGI.Model.csproj", "{17194236-340E-42A3-8D85-0F70806A0061}"
EndProject
Project("{2150E333-8FDC-42A3-9474-1A3956D46DE8}") = "4. Framework", "4. Framework", "{89A238DF-C33B-4FB5-BEC6-564CBBA57315}"
EndProject
Project("{FAE04EC0-301F-11D3-BF4B-00C04F79EFBC}") = "IDGI.CultureResource", "IDGI.CultureResource\IDGI.CultureResource.csproj", "{C7001A3F-109C-4E82-84C7-57D72F5CDCA7}"
EndProject
Global
	GlobalSection(SolutionConfigurationPlatforms) = preSolution
		Debug|Any CPU = Debug|Any CPU
		Release|Any CPU = Release|Any CPU
	EndGlobalSection
	GlobalSection(ProjectConfigurationPlatforms) = postSolution
		{8F52734C-74F4-4DEB-920E-51CF23E93744}.Debug|Any CPU.ActiveCfg = Debug|Any CPU
		{8F52734C-74F4-4DEB-920E-51CF23E93744}.Debug|Any CPU.Build.0 = Debug|Any CPU
		{8F52734C-74F4-4DEB-920E-51CF23E93744}.Release|Any CPU.ActiveCfg = Release|Any CPU
		{8F52734C-74F4-4DEB-920E-51CF23E93744}.Release|Any CPU.Build.0 = Release|Any CPU
		{84A3E8AB-5A78-4B39-AF59-1449EE56545E}.Debug|Any CPU.ActiveCfg = Debug|Any CPU
		{84A3E8AB-5A78-4B39-AF59-1449EE56545E}.Debug|Any CPU.Build.0 = Debug|Any CPU
		{84A3E8AB-5A78-4B39-AF59-1449EE56545E}.Release|Any CPU.ActiveCfg = Release|Any CPU
		{84A3E8AB-5A78-4B39-AF59-1449EE56545E}.Release|Any CPU.Build.0 = Release|Any CPU
		{5C9955FB-7702-486D-B7B4-98B21B7B8A73}.Debug|Any CPU.ActiveCfg = Debug|Any CPU
		{5C9955FB-7702-486D-B7B4-98B21B7B8A73}.Debug|Any CPU.Build.0 = Debug|Any CPU
		{5C9955FB-7702-486D-B7B4-98B21B7B8A73}.Release|Any CPU.ActiveCfg = Release|Any CPU
		{5C9955FB-7702-486D-B7B4-98B21B7B8A73}.Release|Any CPU.Build.0 = Release|Any CPU
		{17194236-340E-42A3-8D85-0F70806A0061}.Debug|Any CPU.ActiveCfg = Debug|Any CPU
		{17194236-340E-42A3-8D85-0F70806A0061}.Debug|Any CPU.Build.0 = Debug|Any CPU
		{17194236-340E-42A3-8D85-0F70806A0061}.Release|Any CPU.ActiveCfg = Release|Any CPU
		{17194236-340E-42A3-8D85-0F70806A0061}.Release|Any CPU.Build.0 = Release|Any CPU
		{C7001A3F-109C-4E82-84C7-57D72F5CDCA7}.Debug|Any CPU.ActiveCfg = Debug|Any CPU
		{C7001A3F-109C-4E82-84C7-57D72F5CDCA7}.Debug|Any CPU.Build.0 = Debug|Any CPU
		{C7001A3F-109C-4E82-84C7-57D72F5CDCA7}.Release|Any CPU.ActiveCfg = Release|Any CPU
		{C7001A3F-109C-4E82-84C7-57D72F5CDCA7}.Release|Any CPU.Build.0 = Release|Any CPU
	EndGlobalSection
	GlobalSection(SolutionProperties) = preSolution
		HideSolutionNode = FALSE
	EndGlobalSection
	GlobalSection(NestedProjects) = preSolution
		{8F52734C-74F4-4DEB-920E-51CF23E93744} = {01F9BE7E-6C77-4ECA-AAFA-EC5C0FB451E6}
		{84A3E8AB-5A78-4B39-AF59-1449EE56545E} = {F816D703-E971-4CD9-8650-43712F0580ED}
		{5C9955FB-7702-486D-B7B4-98B21B7B8A73} = {324115E8-34D3-4A0B-848D-E22F854005F7}
		{17194236-340E-42A3-8D85-0F70806A0061} = {01F9BE7E-6C77-4ECA-AAFA-EC5C0FB451E6}
		{C7001A3F-109C-4E82-84C7-57D72F5CDCA7} = {89A238DF-C33B-4FB5-BEC6-564CBBA57315}
	EndGlobalSection
EndGlobal
